{
  "name": "@vladks/claude-context-manager",
  "version": "0.1.0",
  "lockfileVersion": 3,
  "requires": true,
  "packages": {
    "": {
      "name": "@vladks/claude-context-manager",
      "version": "0.1.0",
      "funding": [
        {
          "type": "individual",
          "url": "https://buymeacoffee.com/vladks"
        },
        {
          "type": "individual",
          "url": "https://paypal.me/rimidalvks"
        },
        {
          "type": "patreon",
          "url": "https://www.patreon.com/vladks"
        }
      ],
      "hasInstallScript": true,
      "license": "MIT",
      "bin": {
        "ai-log-end": "scripts/logging/ai-log-end",
        "ai-log-progress": "scripts/logging/ai-log-progress",
        "ai-log-start": "scripts/logging/ai-log-start",
        "ccm": "bin/claude-context-manager.js",
        "claude-context-manager": "bin/claude-context-manager.js"
      },
      "devDependencies": {},
      "engines": {
        "node": ">=14.0.0"
      }
    }
  }
}
